
Microsoft Visual Studio Solution File, Format Version 12.00
# Visual Studio Version 17
VisualStudioVersion = 17.8.34322.80
MinimumVisualStudioVersion = 10.0.40219.1
Project("{FAE04EC0-301F-11D3-BF4B-00C04F79EFBC}") = "Combining of tasks and their cancellation", "Combining of tasks and their cancellation\Combining of tasks and their cancellation.csproj", "{43AFAA13-F008-4670-A998-8702480C4D42}"
EndProject
Global
	GlobalSection(SolutionConfigurationPlatforms) = preSolution
		Debug|Any CPU = Debug|Any CPU
		Release|Any CPU = Release|Any CPU
	EndGlobalSection
	GlobalSection(ProjectConfigurationPlatforms) = postSolution
		{43AFAA13-F008-4670-A998-8702480C4D42}.Debug|Any CPU.ActiveCfg = Debug|Any CPU
		{43AFAA13-F008-4670-A998-8702480C4D42}.Debug|Any CPU.Build.0 = Debug|Any CPU
		{43AFAA13-F008-4670-A998-8702480C4D42}.Release|Any CPU.ActiveCfg = Release|Any CPU
		{43AFAA13-F008-4670-A998-8702480C4D42}.Release|Any CPU.Build.0 = Release|Any CPU
	EndGlobalSection
	GlobalSection(SolutionProperties) = preSolution
		HideSolutionNode = FALSE
	EndGlobalSection
	GlobalSection(ExtensibilityGlobals) = postSolution
		SolutionGuid = {907DA05B-523B-4EDA-9C47-E2EFEF3D8BA3}
	EndGlobalSection
EndGlobal
